// !$*UTF8*$!
{
	archiveVersion = 1;
	classes = {
	};
	objectVersion = 45;
	objects = {

/* Begin PBXAggregateTarget section */
		E0F5ADDD1399A0AF006A8AFC /* Couchbase User Package */ = {
			isa = PBXAggregateTarget;
			buildConfigurationList = E0F5ADE01399A0AF006A8AFC /* Build configuration list for PBXAggregateTarget "Couchbase User Package" */;
			buildPhases = (
				E05336DD139B201C00B042DC /* Check Dependencies */,
				E0F5ADE21399A0D2006A8AFC /* Create Universal Library */,
				E0F5ADE31399A14B006A8AFC /* Create iOS Couchbase Zip */,
			);
			dependencies = (
			);
			name = "Couchbase User Package";
			productName = "Couchbase User Package";
		};
/* End PBXAggregateTarget section */

/* Begin PBXBuildFile section */
		79F5314B13208EA700038ADD /* default.ini in Resources */ = {isa = PBXBuildFile; fileRef = 3D4791CB12A19F6A00581D10 /* default.ini */; };
		79F5314C13208EA700038ADD /* icouch.ini in Resources */ = {isa = PBXBuildFile; fileRef = 3D4791CC12A19F6A00581D10 /* icouch.ini */; };
		79F5314E13208EA700038ADD /* demo.couch in Resources */ = {isa = PBXBuildFile; fileRef = 3D47994312A1D4E800581D10 /* demo.couch */; };
		79F5314F13208EA700038ADD /* erlang in Resources */ = {isa = PBXBuildFile; fileRef = 3DEAEA6612A2D70B00EEBD22 /* erlang */; };
		BC4A60831324C4BD003F32D3 /* Couchbase.h in Headers */ = {isa = PBXBuildFile; fileRef = 79C3C6F4131F011A00C8B96D /* Couchbase.h */; settings = {ATTRIBUTES = (Public, ); }; };
		BC4A60841324C4C2003F32D3 /* Couchbase.m in Sources */ = {isa = PBXBuildFile; fileRef = 79C3C6F5131F011A00C8B96D /* Couchbase.m */; };
		DA155A2F1371B969006FCC18 /* libiErl14.a in Frameworks */ = {isa = PBXBuildFile; fileRef = DA155A2D1371B969006FCC18 /* libiErl14.a */; };
		DA155A301371B969006FCC18 /* libiMonkey.a in Frameworks */ = {isa = PBXBuildFile; fileRef = DA155A2E1371B969006FCC18 /* libiMonkey.a */; };
/* End PBXBuildFile section */

/* Begin PBXContainerItemProxy section */
		DA155A1E1371B951006FCC18 /* PBXContainerItemProxy */ = {
			isa = PBXContainerItemProxy;
			containerPortal = DA155A171371B951006FCC18 /* iErl14.xcodeproj */;
			proxyType = 2;
			remoteGlobalIDString = D2AAC07E0554694100DB518D;
			remoteInfo = iErl14;
		};
		DA155A271371B956006FCC18 /* PBXContainerItemProxy */ = {
			isa = PBXContainerItemProxy;
			containerPortal = DA155A201371B956006FCC18 /* iMonkey.xcodeproj */;
			proxyType = 2;
			remoteGlobalIDString = D2AAC07E0554694100DB518D;
			remoteInfo = iMonkey;
		};
		DA155A291371B964006FCC18 /* PBXContainerItemProxy */ = {
			isa = PBXContainerItemProxy;
			containerPortal = DA155A201371B956006FCC18 /* iMonkey.xcodeproj */;
			proxyType = 1;
			remoteGlobalIDString = D2AAC07D0554694100DB518D;
			remoteInfo = iMonkey;
		};
		DA155A2B1371B964006FCC18 /* PBXContainerItemProxy */ = {
			isa = PBXContainerItemProxy;
			containerPortal = DA155A171371B951006FCC18 /* iErl14.xcodeproj */;
			proxyType = 1;
			remoteGlobalIDString = D2AAC07D0554694100DB518D;
			remoteInfo = iErl14;
		};
/* End PBXContainerItemProxy section */

/* Begin PBXFileReference section */
		3D4791CB12A19F6A00581D10 /* default.ini */ = {isa = PBXFileReference; fileEncoding = 4; lastKnownFileType = text; path = default.ini; sourceTree = "<group>"; };
		3D4791CC12A19F6A00581D10 /* icouch.ini */ = {isa = PBXFileReference; fileEncoding = 4; lastKnownFileType = text; path = icouch.ini; sourceTree = "<group>"; };
		3D47994312A1D4E800581D10 /* demo.couch */ = {isa = PBXFileReference; fileEncoding = 4; lastKnownFileType = text; path = demo.couch; sourceTree = "<group>"; };
		3DEAEA6612A2D70B00EEBD22 /* erlang */ = {isa = PBXFileReference; lastKnownFileType = folder; path = erlang; sourceTree = "<group>"; };
		79C3C6F4131F011A00C8B96D /* Couchbase.h */ = {isa = PBXFileReference; fileEncoding = 4; lastKnownFileType = sourcecode.c.h; path = Couchbase.h; sourceTree = "<group>"; };
		79C3C6F5131F011A00C8B96D /* Couchbase.m */ = {isa = PBXFileReference; fileEncoding = 4; lastKnownFileType = sourcecode.c.objc; path = Couchbase.m; sourceTree = "<group>"; };
		79F5314313208D3700038ADD /* Couchbase.bundle */ = {isa = PBXFileReference; explicitFileType = wrapper.cfbundle; includeInIndex = 0; path = Couchbase.bundle; sourceTree = BUILT_PRODUCTS_DIR; };
		79F5314413208D3700038ADD /* CouchbaseBundle-Info.plist */ = {isa = PBXFileReference; lastKnownFileType = text.plist.xml; path = "CouchbaseBundle-Info.plist"; sourceTree = "<group>"; };
		BC4A607D1324C493003F32D3 /* libCouchbase.a */ = {isa = PBXFileReference; explicitFileType = archive.ar; includeInIndex = 0; path = libCouchbase.a; sourceTree = BUILT_PRODUCTS_DIR; };
		DA155A171371B951006FCC18 /* iErl14.xcodeproj */ = {isa = PBXFileReference; lastKnownFileType = "wrapper.pb-project"; name = iErl14.xcodeproj; path = Vendor/iErl14/iErl14.xcodeproj; sourceTree = "<group>"; };
		DA155A201371B956006FCC18 /* iMonkey.xcodeproj */ = {isa = PBXFileReference; lastKnownFileType = "wrapper.pb-project"; name = iMonkey.xcodeproj; path = Vendor/iMonkey/iMonkey.xcodeproj; sourceTree = "<group>"; };
		DA155A2D1371B969006FCC18 /* libiErl14.a */ = {isa = PBXFileReference; explicitFileType = archive.ar; name = libiErl14.a; path = "/Users/paul/Documents/pegli/ti/modules/mobile/ios/couchbase_ti/iOS-Couchbase/MobileCouchbase/Vendor/iErl14/build/Debug-iphoneos/libiErl14.a"; sourceTree = "<absolute>"; };
		DA155A2E1371B969006FCC18 /* libiMonkey.a */ = {isa = PBXFileReference; explicitFileType = archive.ar; name = libiMonkey.a; path = "/Users/paul/Documents/pegli/ti/modules/mobile/ios/couchbase_ti/iOS-Couchbase/MobileCouchbase/Vendor/iMonkey/build/Debug-iphoneos/libiMonkey.a"; sourceTree = "<absolute>"; };
/* End PBXFileReference section */

/* Begin PBXFrameworksBuildPhase section */
		79F5314113208D3700038ADD /* Frameworks */ = {
			isa = PBXFrameworksBuildPhase;
			buildActionMask = 2147483647;
			files = (
			);
			runOnlyForDeploymentPostprocessing = 0;
		};
		BC4A607B1324C493003F32D3 /* Frameworks */ = {
			isa = PBXFrameworksBuildPhase;
			buildActionMask = 2147483647;
			files = (
				DA155A2F1371B969006FCC18 /* libiErl14.a in Frameworks */,
				DA155A301371B969006FCC18 /* libiMonkey.a in Frameworks */,
			);
			runOnlyForDeploymentPostprocessing = 0;
		};
/* End PBXFrameworksBuildPhase section */

/* Begin PBXGroup section */
		080E96DDFE201D6D7F000001 /* Classes */ = {
			isa = PBXGroup;
			children = (
				79C3C6F4131F011A00C8B96D /* Couchbase.h */,
				79C3C6F5131F011A00C8B96D /* Couchbase.m */,
			);
			path = Classes;
			sourceTree = "<group>";
		};
		19C28FACFE9D520D11CA2CBB /* Products */ = {
			isa = PBXGroup;
			children = (
				79F5314313208D3700038ADD /* Couchbase.bundle */,
				BC4A607D1324C493003F32D3 /* libCouchbase.a */,
			);
			name = Products;
			sourceTree = "<group>";
		};
		29B97314FDCFA39411CA2CEA /* CustomTemplate */ = {
			isa = PBXGroup;
			children = (
				080E96DDFE201D6D7F000001 /* Classes */,
				29B97317FDCFA39411CA2CEA /* Resources */,
				DA155A161371B92E006FCC18 /* Dependencies */,
				29B97323FDCFA39411CA2CEA /* Libraries */,
				19C28FACFE9D520D11CA2CBB /* Products */,
			);
			name = CustomTemplate;
			sourceTree = "<group>";
		};
		29B97317FDCFA39411CA2CEA /* Resources */ = {
			isa = PBXGroup;
			children = (
				79F5314413208D3700038ADD /* CouchbaseBundle-Info.plist */,
				3DEAEA6612A2D70B00EEBD22 /* erlang */,
				3D47994312A1D4E800581D10 /* demo.couch */,
				3D4791CB12A19F6A00581D10 /* default.ini */,
				3D4791CC12A19F6A00581D10 /* icouch.ini */,
			);
			name = Resources;
			sourceTree = "<group>";
		};
		29B97323FDCFA39411CA2CEA /* Libraries */ = {
			isa = PBXGroup;
			children = (
				DA155A2D1371B969006FCC18 /* libiErl14.a */,
				DA155A2E1371B969006FCC18 /* libiMonkey.a */,
			);
			name = Libraries;
			sourceTree = "<group>";
		};
		DA155A161371B92E006FCC18 /* Dependencies */ = {
			isa = PBXGroup;
			children = (
				DA155A201371B956006FCC18 /* iMonkey.xcodeproj */,
				DA155A171371B951006FCC18 /* iErl14.xcodeproj */,
			);
			name = Dependencies;
			sourceTree = "<group>";
		};
		DA155A181371B951006FCC18 /* Products */ = {
			isa = PBXGroup;
			children = (
				DA155A1F1371B951006FCC18 /* libiErl14.a */,
			);
			name = Products;
			sourceTree = "<group>";
		};
		DA155A211371B956006FCC18 /* Products */ = {
			isa = PBXGroup;
			children = (
				DA155A281371B956006FCC18 /* libiMonkey.a */,
			);
			name = Products;
			sourceTree = "<group>";
		};
/* End PBXGroup section */

/* Begin PBXHeadersBuildPhase section */
		79F5337D13208EEE00038ADD /* Headers */ = {
			isa = PBXHeadersBuildPhase;
			buildActionMask = 2147483647;
			files = (
			);
			runOnlyForDeploymentPostprocessing = 0;
		};
		BC4A60791324C493003F32D3 /* Headers */ = {
			isa = PBXHeadersBuildPhase;
			buildActionMask = 2147483647;
			files = (
				BC4A60831324C4BD003F32D3 /* Couchbase.h in Headers */,
			);
			runOnlyForDeploymentPostprocessing = 0;
		};
/* End PBXHeadersBuildPhase section */

/* Begin PBXNativeTarget section */
		79F5314213208D3700038ADD /* Couchbase.bundle */ = {
			isa = PBXNativeTarget;
			buildConfigurationList = 79F5314813208D3800038ADD /* Build configuration list for PBXNativeTarget "Couchbase.bundle" */;
			buildPhases = (
				79F5313F13208D3700038ADD /* Resources */,
				79F5314013208D3700038ADD /* Sources */,
				79F5314113208D3700038ADD /* Frameworks */,
				79F5337D13208EEE00038ADD /* Headers */,
			);
			buildRules = (
			);
			dependencies = (
			);
			name = Couchbase.bundle;
			productName = CouchbaseBundle;
			productReference = 79F5314313208D3700038ADD /* Couchbase.bundle */;
			productType = "com.apple.product-type.bundle";
		};
		BC4A607C1324C493003F32D3 /* Couchbase */ = {
			isa = PBXNativeTarget;
			buildConfigurationList = BC4A62A91324C4E2003F32D3 /* Build configuration list for PBXNativeTarget "Couchbase" */;
			buildPhases = (
				BC4A60791324C493003F32D3 /* Headers */,
				BC4A607A1324C493003F32D3 /* Sources */,
				BC4A607B1324C493003F32D3 /* Frameworks */,
			);
			buildRules = (
			);
			dependencies = (
				DA155A2A1371B964006FCC18 /* PBXTargetDependency */,
				DA155A2C1371B964006FCC18 /* PBXTargetDependency */,
			);
			name = Couchbase;
			productName = MobileCouchbase;
			productReference = BC4A607D1324C493003F32D3 /* libCouchbase.a */;
			productType = "com.apple.product-type.library.static";
		};
/* End PBXNativeTarget section */

/* Begin PBXProject section */
		29B97313FDCFA39411CA2CEA /* Project object */ = {
			isa = PBXProject;
			buildConfigurationList = C01FCF4E08A954540054247B /* Build configuration list for PBXProject "Couchbase" */;
			compatibilityVersion = "Xcode 3.1";
			developmentRegion = English;
			hasScannedForEncodings = 1;
			knownRegions = (
				English,
				Japanese,
				French,
				German,
				en,
			);
			mainGroup = 29B97314FDCFA39411CA2CEA /* CustomTemplate */;
			projectDirPath = "";
			projectReferences = (
				{
					ProductGroup = DA155A181371B951006FCC18 /* Products */;
					ProjectRef = DA155A171371B951006FCC18 /* iErl14.xcodeproj */;
				},
				{
					ProductGroup = DA155A211371B956006FCC18 /* Products */;
					ProjectRef = DA155A201371B956006FCC18 /* iMonkey.xcodeproj */;
				},
			);
			projectRoot = "";
			targets = (
				BC4A607C1324C493003F32D3 /* Couchbase */,
				79F5314213208D3700038ADD /* Couchbase.bundle */,
				E0F5ADDD1399A0AF006A8AFC /* Couchbase User Package */,
			);
		};
/* End PBXProject section */

/* Begin PBXReferenceProxy section */
		DA155A1F1371B951006FCC18 /* libiErl14.a */ = {
			isa = PBXReferenceProxy;
			fileType = archive.ar;
			path = libiErl14.a;
			remoteRef = DA155A1E1371B951006FCC18 /* PBXContainerItemProxy */;
			sourceTree = BUILT_PRODUCTS_DIR;
		};
		DA155A281371B956006FCC18 /* libiMonkey.a */ = {
			isa = PBXReferenceProxy;
			fileType = archive.ar;
			path = libiMonkey.a;
			remoteRef = DA155A271371B956006FCC18 /* PBXContainerItemProxy */;
			sourceTree = BUILT_PRODUCTS_DIR;
		};
/* End PBXReferenceProxy section */

/* Begin PBXResourcesBuildPhase section */
		79F5313F13208D3700038ADD /* Resources */ = {
			isa = PBXResourcesBuildPhase;
			buildActionMask = 2147483647;
			files = (
				79F5314B13208EA700038ADD /* default.ini in Resources */,
				79F5314C13208EA700038ADD /* icouch.ini in Resources */,
				79F5314E13208EA700038ADD /* demo.couch in Resources */,
				79F5314F13208EA700038ADD /* erlang in Resources */,
			);
			runOnlyForDeploymentPostprocessing = 0;
		};
/* End PBXResourcesBuildPhase section */

/* Begin PBXShellScriptBuildPhase section */
		E05336DD139B201C00B042DC /* Check Dependencies */ = {
			isa = PBXShellScriptBuildPhase;
			buildActionMask = 2147483647;
			files = (
			);
			inputPaths = (
			);
			name = "Check Dependencies";
			outputPaths = (
			);
			runOnlyForDeploymentPostprocessing = 0;
			shellPath = /bin/sh;
			shellScript = "echo \"Checking that dependencies have been met...\"\n\nRETURN=0;\nif [ ! -e \"${BUILT_PRODUCTS_DIR}/libCouchbase-iphoneos.a\" ];\nthen\n  echo \"Unable to find file: ${BUILT_PRODUCTS_DIR}/libCouchbase-iphoneos.a\"\n  echo \"Please be sure to build the Couchbase-iphoneos target first before building the user package.\"\n  RETURN=1;\nfi\n\nif [ ! -e \"${BUILT_PRODUCTS_DIR}/libCouchbase-iphonesimulator.a\" ];\nthen\n  echo \"Unable to find file: ${BUILT_PRODUCTS_DIR}/libCouchbase-iphonesimulator.a\"\n  echo \"Please be sure to build the Couchbase-iphonesimulator target first before building the user package.\"\n  RETURN=1;\nfi\n\nif [ ! -d \"${BUILT_PRODUCTS_DIR}/Couchbase.bundle\" ];\nthen\n  echo \"Unable to find file: ${BUILT_PRODUCTS_DIR}/Couchbase.bundle\"\n  echo \"Please be sure to build the Couchbase.bundle target first before building the user package.\"\n  RETURN=1;\nfi\n\nexit $RETURN;\n";
		};
		E0F5ADE21399A0D2006A8AFC /* Create Universal Library */ = {
			isa = PBXShellScriptBuildPhase;
			buildActionMask = 2147483647;
			files = (
			);
			inputPaths = (
			);
			name = "Create Universal Library";
			outputPaths = (
			);
			runOnlyForDeploymentPostprocessing = 0;
			shellPath = /bin/sh;
			shellScript = "lipo -create -output ${BUILT_PRODUCTS_DIR}/libCouchbase.a ${BUILT_PRODUCTS_DIR}/libCouchbase-iphoneos.a ${BUILT_PRODUCTS_DIR}/libCouchbase-iphonesimulator.a";
		};
		E0F5ADE31399A14B006A8AFC /* Create iOS Couchbase Zip */ = {
			isa = PBXShellScriptBuildPhase;
			buildActionMask = 2147483647;
			files = (
			);
			inputPaths = (
			);
			name = "Create iOS Couchbase Zip";
			outputPaths = (
			);
			runOnlyForDeploymentPostprocessing = 0;
			shellPath = /bin/sh;
			shellScript = "cd ${BUILT_PRODUCTS_DIR}/;\nzip -r iOSCouchbase.zip include/Couchbase.h Couchbase.bundle libCouchbase.a";
		};
/* End PBXShellScriptBuildPhase section */

/* Begin PBXSourcesBuildPhase section */
		79F5314013208D3700038ADD /* Sources */ = {
			isa = PBXSourcesBuildPhase;
			buildActionMask = 2147483647;
			files = (
			);
			runOnlyForDeploymentPostprocessing = 0;
		};
		BC4A607A1324C493003F32D3 /* Sources */ = {
			isa = PBXSourcesBuildPhase;
			buildActionMask = 2147483647;
			files = (
				BC4A60841324C4C2003F32D3 /* Couchbase.m in Sources */,
			);
			runOnlyForDeploymentPostprocessing = 0;
		};
/* End PBXSourcesBuildPhase section */

/* Begin PBXTargetDependency section */
		DA155A2A1371B964006FCC18 /* PBXTargetDependency */ = {
			isa = PBXTargetDependency;
			name = iMonkey;
			targetProxy = DA155A291371B964006FCC18 /* PBXContainerItemProxy */;
		};
		DA155A2C1371B964006FCC18 /* PBXTargetDependency */ = {
			isa = PBXTargetDependency;
			name = iErl14;
			targetProxy = DA155A2B1371B964006FCC18 /* PBXContainerItemProxy */;
		};
/* End PBXTargetDependency section */

/* Begin XCBuildConfiguration section */
		79F5314513208D3800038ADD /* Debug */ = {
			isa = XCBuildConfiguration;
			buildSettings = {
				GCC_ENABLE_FIX_AND_CONTINUE = YES;
				INFOPLIST_FILE = "CouchbaseBundle-Info.plist";
				INSTALL_PATH = "$(HOME)/Library/Bundles";
				PRODUCT_NAME = Couchbase;
				WRAPPER_EXTENSION = bundle;
			};
			name = Debug;
		};
		79F5314713208D3800038ADD /* Release */ = {
			isa = XCBuildConfiguration;
			buildSettings = {
				GCC_ENABLE_FIX_AND_CONTINUE = NO;
				INFOPLIST_FILE = "CouchbaseBundle-Info.plist";
				INSTALL_PATH = "$(HOME)/Library/Bundles";
				PRODUCT_NAME = Couchbase;
				WRAPPER_EXTENSION = bundle;
			};
			name = Release;
		};
		BC4A607E1324C494003F32D3 /* Debug */ = {
			isa = XCBuildConfiguration;
			buildSettings = {
				ALWAYS_SEARCH_USER_PATHS = NO;
				COPY_PHASE_STRIP = NO;
				GCC_DYNAMIC_NO_PIC = NO;
				GCC_OPTIMIZATION_LEVEL = 0;
				LIBRARY_SEARCH_PATHS = (
					"$(inherited)",
					"\"$(SRCROOT)/Vendor/ios-openssl/lib\"",
					"\"$(SRCROOT)/Vendor/iErl14/build/Debug-iphoneos\"",
					"\"$(SRCROOT)/Vendor/iMonkey/build/Debug-iphoneos\"",
				);
				PREBINDING = NO;
				PRODUCT_NAME = "$(TARGET_NAME)";
			};
			name = Debug;
		};
		BC4A60801324C494003F32D3 /* Release */ = {
			isa = XCBuildConfiguration;
			buildSettings = {
				ALWAYS_SEARCH_USER_PATHS = NO;
				COPY_PHASE_STRIP = YES;
				GCC_ENABLE_FIX_AND_CONTINUE = NO;
				LIBRARY_SEARCH_PATHS = (
					"$(inherited)",
					"\"$(SRCROOT)/Vendor/ios-openssl/lib\"",
					"\"$(SRCROOT)/Vendor/iErl14/build/Debug-iphoneos\"",
					"\"$(SRCROOT)/Vendor/iMonkey/build/Debug-iphoneos\"",
				);
				OTHER_LDFLAGS = "-all_load";
				PREBINDING = NO;
				PRODUCT_NAME = "$(TARGET_NAME)";
				ZERO_LINK = NO;
			};
			name = Release;
		};
		C01FCF4F08A954540054247B /* Debug */ = {
			isa = XCBuildConfiguration;
			buildSettings = {
				ARCHS = "$(ARCHS_STANDARD_32_BIT)";
				"CODE_SIGN_IDENTITY[sdk=iphoneos*]" = "";
				GCC_C_LANGUAGE_STANDARD = c99;
				GCC_VERSION = "";
				GCC_WARN_ABOUT_RETURN_TYPE = YES;
				GCC_WARN_UNUSED_VARIABLE = YES;
				IPHONEOS_DEPLOYMENT_TARGET = 4.3;
				LIBRARY_SEARCH_PATHS = (
					"$(SRCROOT)/Vendor/iErl14/build/$(CONFIGURATION)$(EFFECTIVE_PLATFORM_NAME)",
					"$(SRCROOT)/Vendor/iMonkey/build/$(CONFIGURATION)$(EFFECTIVE_PLATFORM_NAME)",
				);
				PREBINDING = NO;
				PUBLIC_HEADERS_FOLDER_PATH = include;
				SDKROOT = iphoneos;
				TARGETED_DEVICE_FAMILY = "1,2";
			};
			name = Debug;
		};
		C01FCF5008A954540054247B /* Release */ = {
			isa = XCBuildConfiguration;
			buildSettings = {
				ARCHS = "$(ARCHS_STANDARD_32_BIT)";
				"CODE_SIGN_IDENTITY[sdk=iphoneos*]" = "";
				COPY_PHASE_STRIP = NO;
				GCC_C_LANGUAGE_STANDARD = c99;
				GCC_VERSION = "";
				GCC_WARN_ABOUT_RETURN_TYPE = YES;
				GCC_WARN_UNUSED_VARIABLE = YES;
				IPHONEOS_DEPLOYMENT_TARGET = 4.3;
				LIBRARY_SEARCH_PATHS = (
					"$(SRCROOT)/Vendor/iErl14/build/$(CONFIGURATION)$(EFFECTIVE_PLATFORM_NAME)",
					"$(SRCROOT)/Vendor/iMonkey/build/$(CONFIGURATION)$(EFFECTIVE_PLATFORM_NAME)",
				);
				OTHER_CFLAGS = "-DNS_BLOCK_ASSERTIONS=1";
				PREBINDING = NO;
				PUBLIC_HEADERS_FOLDER_PATH = include;
				SDKROOT = iphoneos;
				TARGETED_DEVICE_FAMILY = "1,2";
			};
			name = Release;
		};
		E0F5ADDE1399A0AF006A8AFC /* Debug */ = {
			isa = XCBuildConfiguration;
			buildSettings = {
				PRODUCT_NAME = "$(TARGET_NAME)";
			};
			name = Debug;
		};
		E0F5ADDF1399A0AF006A8AFC /* Release */ = {
			isa = XCBuildConfiguration;
			buildSettings = {
				PRODUCT_NAME = "$(TARGET_NAME)";
			};
			name = Release;
		};
/* End XCBuildConfiguration section */

/* Begin XCConfigurationList section */
		79F5314813208D3800038ADD /* Build configuration list for PBXNativeTarget "Couchbase.bundle" */ = {
			isa = XCConfigurationList;
			buildConfigurations = (
				79F5314513208D3800038ADD /* Debug */,
				79F5314713208D3800038ADD /* Release */,
			);
			defaultConfigurationIsVisible = 0;
			defaultConfigurationName = Release;
		};
		BC4A62A91324C4E2003F32D3 /* Build configuration list for PBXNativeTarget "Couchbase" */ = {
			isa = XCConfigurationList;
			buildConfigurations = (
				BC4A607E1324C494003F32D3 /* Debug */,
				BC4A60801324C494003F32D3 /* Release */,
			);
			defaultConfigurationIsVisible = 0;
			defaultConfigurationName = Release;
		};
		C01FCF4E08A954540054247B /* Build configuration list for PBXProject "Couchbase" */ = {
			isa = XCConfigurationList;
			buildConfigurations = (
				C01FCF4F08A954540054247B /* Debug */,
				C01FCF5008A954540054247B /* Release */,
			);
			defaultConfigurationIsVisible = 0;
			defaultConfigurationName = Release;
		};
		E0F5ADE01399A0AF006A8AFC /* Build configuration list for PBXAggregateTarget "Couchbase User Package" */ = {
			isa = XCConfigurationList;
			buildConfigurations = (
				E0F5ADDE1399A0AF006A8AFC /* Debug */,
				E0F5ADDF1399A0AF006A8AFC /* Release */,
			);
			defaultConfigurationIsVisible = 0;
			defaultConfigurationName = Release;
		};
/* End XCConfigurationList section */
	};
	rootObject = 29B97313FDCFA39411CA2CEA /* Project object */;
}
